<?xml version="1.0" encoding="UTF-8"?>
<Project ToolsVersion="12.0" xmlns="http://schemas.microsoft.com/developer/msbuild/2003">
  <ItemGroup>
    <CustomBuild Include="C:\Users\Graziano\Desktop\assignment_producer-consumer\src\producer\build producer\CMakeFiles\1e766002dce61357cb56c3f6461e0c42\generate.stamp.rule">
      <Filter>CMake Rules</Filter>
    </CustomBuild>
  </ItemGroup>
  <ItemGroup>
    <Filter Include="CMake Rules">
      <UniqueIdentifier>{55863BDC-7CCB-37D6-A386-048D3B2C5B4B}</UniqueIdentifier>
    </Filter>
  </ItemGroup>
</Project>
