<?xml version="1.0" encoding="UTF-8"?>
<Project ToolsVersion="12.0" xmlns="http://schemas.microsoft.com/developer/msbuild/2003">
  <ItemGroup>
    <CustomBuild Include="C:\Users\Graziano\Desktop\assignment_producer-consumer\src\consumer\build consumer\CMakeFiles\b1661420c2240f269d807c04bd3351b9\generate.stamp.rule">
      <Filter>CMake Rules</Filter>
    </CustomBuild>
  </ItemGroup>
  <ItemGroup>
    <Filter Include="CMake Rules">
      <UniqueIdentifier>{2D3491B6-5C08-36A0-9BD1-F9EA92F8EE03}</UniqueIdentifier>
    </Filter>
  </ItemGroup>
</Project>
